
Microsoft Visual Studio Solution File, Format Version 12.00
# Visual Studio Version 17
VisualStudioVersion = 17.8.34330.188
MinimumVisualStudioVersion = 10.0.40219.1
Project("{FAE04EC0-301F-11D3-BF4B-00C04F79EFBC}") = "StoragewithComputerParts", "StoragewithComputerParts.csproj", "{78105A81-540F-4B59-B9E6-223FD8BD2FDC}"
EndProject
Global
	GlobalSection(SolutionConfigurationPlatforms) = preSolution
		Debug|Any CPU = Debug|Any CPU
		Release|Any CPU = Release|Any CPU
	EndGlobalSection
	GlobalSection(ProjectConfigurationPlatforms) = postSolution
		{78105A81-540F-4B59-B9E6-223FD8BD2FDC}.Debug|Any CPU.ActiveCfg = Debug|Any CPU
		{78105A81-540F-4B59-B9E6-223FD8BD2FDC}.Debug|Any CPU.Build.0 = Debug|Any CPU
		{78105A81-540F-4B59-B9E6-223FD8BD2FDC}.Release|Any CPU.ActiveCfg = Release|Any CPU
		{78105A81-540F-4B59-B9E6-223FD8BD2FDC}.Release|Any CPU.Build.0 = Release|Any CPU
	EndGlobalSection
	GlobalSection(SolutionProperties) = preSolution
		HideSolutionNode = FALSE
	EndGlobalSection
	GlobalSection(ExtensibilityGlobals) = postSolution
		SolutionGuid = {9B5182E8-7571-419E-8D07-FD9B8C6A3AE9}
	EndGlobalSection
EndGlobal
